{
    "aws/aws-sdk-php": {
        "version": "3.62.6"
    },
    "doctrine/annotations": {
        "version": "1.0",
        "recipe": {
            "repo": "github.com/symfony/recipes",
            "branch": "master",
            "version": "1.0",
            "ref": "cb4152ebcadbe620ea2261da1a1c5a9b8cea7672"
        }
    },
    "doctrine/cache": {
        "version": "v1.7.1"
    },
    "doctrine/collections": {
        "version": "v1.5.0"
    },
    "doctrine/common": {
        "version": "v2.8.1"
    },
    "doctrine/dbal": {
        "version": "v2.7.1"
    },
    "doctrine/doctrine-bundle": {
        "version": "1.6",
        "recipe": {
            "repo": "github.com/symfony/recipes",
            "branch": "master",
            "version": "1.6",
            "ref": "ae205d5114e719deb64d2110f56ef910787d1e04"
        }
    },
    "doctrine/doctrine-cache-bundle": {
        "version": "1.3.3"
    },
    "doctrine/doctrine-migrations-bundle": {
        "version": "1.2",
        "recipe": {
            "repo": "github.com/symfony/recipes",
            "branch": "master",
            "version": "1.2",
            "ref": "c1431086fec31f17fbcfe6d6d7e92059458facc1"
        }
    },
    "doctrine/inflector": {
        "version": "v1.3.0"
    },
    "doctrine/lexer": {
        "version": "v1.0.1"
    },
    "doctrine/migrations": {
        "version": "v1.7.2"
    },
    "doctrine/orm": {
        "version": "v2.6.1"
    },
    "egulias/email-validator": {
        "version": "2.1.4"
    },
    "jdorn/sql-formatter": {
        "version": "v1.2.17"
    },
    "jean85/pretty-package-versions": {
        "version": "1.1"
    },
    "league/flysystem": {
        "version": "1.0.45"
    },
    "league/flysystem-aws-s3-v3": {
        "version": "1.0.19"
    },
    "league/uri": {
        "version": "5.3.0"
    },
    "league/uri-components": {
        "version": "1.8.0"
    },
    "league/uri-hostname-parser": {
        "version": "1.1.1"
    },
    "league/uri-interfaces": {
        "version": "1.0.0"
    },
    "league/uri-manipulations": {
        "version": "1.5.0"
    },
    "league/uri-parser": {
        "version": "1.4.0"
    },
    "league/uri-schemes": {
        "version": "1.2.0"
    },
    "monolog/monolog": {
        "version": "1.23.0"
    },
    "mtdowling/jmespath.php": {
        "version": "2.4.0"
    },
    "nette/bootstrap": {
        "version": "v2.4.5"
    },
    "nette/di": {
        "version": "v2.4.11"
    },
    "nette/finder": {
        "version": "v2.4.1"
    },
    "nette/neon": {
        "version": "v2.4.2"
    },
    "nette/php-generator": {
        "version": "v3.0.4"
    },
    "nette/robot-loader": {
        "version": "v3.0.3"
    },
    "nette/utils": {
        "version": "v2.5.1"
    },
    "nikic/php-parser": {
        "version": "v3.1.5"
    },
    "ocramius/package-versions": {
        "version": "1.3.0"
    },
    "ocramius/proxy-manager": {
        "version": "2.2.0"
    },
    "paragonie/random_compat": {
        "version": "v2.0.12"
    },
    "phpstan/phpdoc-parser": {
        "version": "0.2"
    },
    "phpstan/phpstan": {
        "version": "0.9.2"
    },
    "ramsey/uuid": {
        "version": "3.7.3"
    },
    "ramsey/uuid-doctrine": {
        "version": "1.3",
        "recipe": {
            "repo": "github.com/symfony/recipes-contrib",
            "branch": "master",
            "version": "1.3",
            "ref": "f7895777cd673fcefbc321a9063077a24e5df646"
        }
    },
    "swiftmailer/swiftmailer": {
        "version": "v6.0.2"
    },
    "symfony/asset": {
        "version": "v4.1.0"
    },
    "symfony/doctrine-bridge": {
        "version": "v4.0.9"
    },
    "symfony/form": {
        "version": "v4.1.0"
    },
    "symfony/inflector": {
        "version": "v4.1.0"
    },
    "symfony/intl": {
        "version": "v4.1.0"
    },
    "symfony/monolog-bridge": {
        "version": "v4.1.0"
    },
    "symfony/monolog-bundle": {
        "version": "3.1",
        "recipe": {
            "repo": "github.com/symfony/recipes",
            "branch": "master",
            "version": "3.1",
            "ref": "371d1a2b69984710646b09a1182ef1d4308c904f"
        }
    },
    "symfony/options-resolver": {
        "version": "v4.1.0"
    },
    "symfony/orm-pack": {
        "version": "v1.0.5"
    },
    "symfony/polyfill-ctype": {
        "version": "v1.8.0"
    },
    "symfony/polyfill-intl-icu": {
        "version": "v1.8.0"
    },
    "symfony/polyfill-php72": {
        "version": "v1.8.0"
    },
    "symfony/process": {
        "version": "v4.0.9"
    },
    "symfony/profiler-pack": {
        "version": "v1.0.3"
    },
    "symfony/property-access": {
        "version": "v4.1.0"
    },
    "symfony/serializer": {
        "version": "v4.0.9"
    },
    "symfony/swiftmailer-bundle": {
        "version": "2.5",
        "recipe": {
            "repo": "github.com/symfony/recipes",
            "branch": "master",
            "version": "2.5",
            "ref": "3db029c03e452b4a23f7fc45cec7c922c2247eb8"
        }
    },
    "symfony/translation": {
        "version": "3.3",
        "recipe": {
            "repo": "github.com/symfony/recipes",
            "branch": "master",
            "version": "3.3",
            "ref": "6bcd6c570c017ea6ae5a7a6a027c929fd3542cd8"
        }
    },
    "symfony/twig-bridge": {
        "version": "v4.1.0"
    },
    "symfony/twig-bundle": {
        "version": "3.3",
        "recipe": {
            "repo": "github.com/symfony/recipes",
            "branch": "master",
            "version": "3.3",
            "ref": "f75ac166398e107796ca94cc57fa1edaa06ec47f"
        }
    },
    "symfony/validator": {
        "version": "v4.1.0"
    },
    "symfony/var-dumper": {
        "version": "v4.1.0"
    },
    "symfony/web-profiler-bundle": {
        "version": "3.3",
        "recipe": {
            "repo": "github.com/symfony/recipes",
            "branch": "master",
            "version": "3.3",
            "ref": "6bdfa1a95f6b2e677ab985cd1af2eae35d62e0f6"
        }
    },
    "symfony/web-server-bundle": {
        "version": "3.3",
        "recipe": {
            "repo": "github.com/symfony/recipes",
            "branch": "master",
            "version": "3.3",
            "ref": "dae9b39fd6717970be7601101ce5aa960bf53d9a"
        }
    },
    "twig/twig": {
        "version": "v2.4.8"
    },
    "zendframework/zend-code": {
        "version": "3.3.0"
    },
    "zendframework/zend-eventmanager": {
        "version": "3.2.1"
    }
}
